{
  "name": "werift-dtls",
  "version": "0.5.2",
  "lockfileVersion": 2,
  "requires": true,
  "packages": {
    "": {
      "name": "werift-dtls",
      "version": "0.5.2",
      "license": "MIT",
      "dependencies": {
        "@fidm/x509": "^1.2.1",
        "@peculiar/webcrypto": "^1.4.0",
        "@peculiar/x509": "^1.7.2",
        "binary-data": "^0.6.0",
        "date-fns": "^2.28.0",
        "elliptic": "^6.5.3",
        "lodash": "^4.17.20",
        "rx.mini": "^1.1.0",
        "tweetnacl": "^1.0.3"
      },
      "devDependencies": {
        "@types/elliptic": "^6.4.14",
        "@types/lodash": "^4.14.178"
      },
      "engines": {
        "node": ">=15"
      }
    },
    "node_modules/@fidm/asn1": {
      "version": "1.0.4",
      "resolved": "https://registry.npmjs.org/@fidm/asn1/-/asn1-1.0.4.tgz",
      "integrity": "sha512-esd1jyNvRb2HVaQGq2Gg8Z0kbQPXzV9Tq5Z14KNIov6KfFD6PTaRIO8UpcsYiTNzOqJpmyzWgVTrUwFV3UF4TQ==",
      "engines": {
        "node": ">= 8"
      }
    },
    "node_modules/@fidm/x509": {
      "version": "1.2.1",
      "resolved": "https://registry.npmjs.org/@fidm/x509/-/x509-1.2.1.tgz",
      "integrity": "sha512-nwc2iesjyc9hkuzcrMCBXQRn653XuAUKorfWM8PZyJawiy1QzLj4vahwzaI25+pfpwOLvMzbJ0uKpWLDNmo16w==",
      "dependencies": {
        "@fidm/asn1": "^1.0.4",
        "tweetnacl": "^1.0.1"
      },
      "engines": {
        "node": ">= 8"
      }
    },
    "node_modules/@peculiar/asn1-cms": {
      "version": "2.1.9",
      "resolved": "https://registry.npmjs.org/@peculiar/asn1-cms/-/asn1-cms-2.1.9.tgz",
      "integrity": "sha512-Rlcd1hL1BK/IgWiR3wKTxpfei3OLhW0GiAPdqR6aEYCXqV9UCTFsR7dXI8eyh1wkWXx2VJthdbh+ky+w5adh9w==",
      "dependencies": {
        "@peculiar/asn1-schema": "^2.1.9",
        "@peculiar/asn1-x509": "^2.1.9",
        "@peculiar/asn1-x509-attr": "^2.1.9",
        "asn1js": "^3.0.4",
        "tslib": "^2.4.0"
      }
    },
    "node_modules/@peculiar/asn1-csr": {
      "version": "2.1.9",
      "resolved": "https://registry.npmjs.org/@peculiar/asn1-csr/-/asn1-csr-2.1.9.tgz",
      "integrity": "sha512-ncmR3AaWrm+DC1hsouxfsgDb6ZfhWfwIoqS+esxDlk0honmMfdffrDtXoxxJIQ8Njrk7AKVPMSPyxLeCyPC0tw==",
      "dependencies": {
        "@peculiar/asn1-schema": "^2.1.9",
        "@peculiar/asn1-x509": "^2.1.9",
        "asn1js": "^3.0.4",
        "tslib": "^2.4.0"
      }
    },
    "node_modules/@peculiar/asn1-ecc": {
      "version": "2.1.9",
      "resolved": "https://registry.npmjs.org/@peculiar/asn1-ecc/-/asn1-ecc-2.1.9.tgz",
      "integrity": "sha512-1+ckVKJ8Bx+WatKcH5PtafWb1JxAZM+u9D6wFNYt4AKzWAwx2dmzkBMdqQmCXRk4fOvaJTr9CAfsJu0g7m6zgQ==",
      "dependencies": {
        "@peculiar/asn1-schema": "^2.1.9",
        "@peculiar/asn1-x509": "^2.1.9",
        "asn1js": "^3.0.4",
        "tslib": "^2.4.0"
      }
    },
    "node_modules/@peculiar/asn1-pfx": {
      "version": "2.1.9",
      "resolved": "https://registry.npmjs.org/@peculiar/asn1-pfx/-/asn1-pfx-2.1.9.tgz",
      "integrity": "sha512-JwjYcPFbteDV9+0Pqz6um2oksh2RrngreXxTLgLZ/ENEU9xfmn4IEDAVN67e3V8Ei+ujBjk1UsjrEnCwRArMgg==",
      "dependencies": {
        "@peculiar/asn1-cms": "^2.1.9",
        "@peculiar/asn1-pkcs8": "^2.1.9",
        "@peculiar/asn1-rsa": "^2.1.9",
        "@peculiar/asn1-schema": "^2.1.9",
        "asn1js": "^3.0.4",
        "tslib": "^2.4.0"
      }
    },
    "node_modules/@peculiar/asn1-pkcs8": {
      "version": "2.1.9",
      "resolved": "https://registry.npmjs.org/@peculiar/asn1-pkcs8/-/asn1-pkcs8-2.1.9.tgz",
      "integrity": "sha512-KtpVZ/ysOcPvIgHwrqm1BLDGCwnPjxiWlqYfvldZvK0SKXx7ogWWMoh/3M8nEdmu/dT1QdOizt1ErLoZ7xVxOw==",
      "dependencies": {
        "@peculiar/asn1-schema": "^2.1.9",
        "@peculiar/asn1-x509": "^2.1.9",
        "asn1js": "^3.0.4",
        "tslib": "^2.4.0"
      }
    },
    "node_modules/@peculiar/asn1-pkcs9": {
      "version": "2.1.9",
      "resolved": "https://registry.npmjs.org/@peculiar/asn1-pkcs9/-/asn1-pkcs9-2.1.9.tgz",
      "integrity": "sha512-QBITHLAdJgEAKDYEaKbmXVdhwi8aIS9JTThXr+5BgPO8vJE3/OvogLnLZbgO3eOT5IarImrHiqiGaPLVVQDbTQ==",
      "dependencies": {
        "@peculiar/asn1-cms": "^2.1.9",
        "@peculiar/asn1-pfx": "^2.1.9",
        "@peculiar/asn1-pkcs8": "^2.1.9",
        "@peculiar/asn1-schema": "^2.1.9",
        "@peculiar/asn1-x509": "^2.1.9",
        "@peculiar/asn1-x509-attr": "^2.1.9",
        "asn1js": "^3.0.4",
        "tslib": "^2.4.0"
      }
    },
    "node_modules/@peculiar/asn1-rsa": {
      "version": "2.1.9",
      "resolved": "https://registry.npmjs.org/@peculiar/asn1-rsa/-/asn1-rsa-2.1.9.tgz",
      "integrity": "sha512-O7TQnJp7OFZAI9a2tOHHlDbFub9v1VzJr3aKelpBBKDebwgTgNDgXVDapXh/4SDMShWGsSu3HKbYkZORnlDr1A==",
      "dependencies": {
        "@peculiar/asn1-schema": "^2.1.9",
        "@peculiar/asn1-x509": "^2.1.9",
        "asn1js": "^3.0.4",
        "tslib": "^2.4.0"
      }
    },
    "node_modules/@peculiar/asn1-schema": {
      "version": "2.1.9",
      "resolved": "https://registry.npmjs.org/@peculiar/asn1-schema/-/asn1-schema-2.1.9.tgz",
      "integrity": "sha512-Ipio+pXGpL/Vb0qB4GnOgFMgc1RAhKHOVy24rQYLvmOAVp9z/aFb+VdIiQH09NjgvGVmaWOUqSWd9vRHk3xbrg==",
      "dependencies": {
        "asn1js": "^3.0.4",
        "pvtsutils": "^1.3.2",
        "tslib": "^2.4.0"
      }
    },
    "node_modules/@peculiar/asn1-x509": {
      "version": "2.1.9",
      "resolved": "https://registry.npmjs.org/@peculiar/asn1-x509/-/asn1-x509-2.1.9.tgz",
      "integrity": "sha512-mqU8ZlWaBfDSG/iafCYKOa9N7scXiaXfHNgOyqG0GIPZGGjNeeBjgLRrlup6L8/Ipvlun5VIm7vNJdR8/XIqtg==",
      "dependencies": {
        "@peculiar/asn1-schema": "^2.1.9",
        "asn1js": "^3.0.4",
        "ipaddr.js": "^2.0.1",
        "pvtsutils": "^1.3.2",
        "tslib": "^2.4.0"
      }
    },
    "node_modules/@peculiar/asn1-x509-attr": {
      "version": "2.1.9",
      "resolved": "https://registry.npmjs.org/@peculiar/asn1-x509-attr/-/asn1-x509-attr-2.1.9.tgz",
      "integrity": "sha512-tJ7i0ctqREk6XtlRGto81hC3hvp1Dj790N4fnhJQzHC7ZYC+zZSoO/FZr+UxJMIphDDV2BQvCbObJ1xmOEDijA==",
      "dependencies": {
        "@peculiar/asn1-schema": "^2.1.9",
        "@peculiar/asn1-x509": "^2.1.9",
        "asn1js": "^3.0.4",
        "tslib": "^2.4.0"
      }
    },
    "node_modules/@peculiar/json-schema": {
      "version": "1.1.12",
      "resolved": "https://registry.npmjs.org/@peculiar/json-schema/-/json-schema-1.1.12.tgz",
      "integrity": "sha512-coUfuoMeIB7B8/NMekxaDzLhaYmp0HZNPEjYRm9goRou8UZIC3z21s0sL9AWoCw4EG876QyO3kYrc61WNF9B/w==",
      "dependencies": {
        "tslib": "^2.0.0"
      },
      "engines": {
        "node": ">=8.0.0"
      }
    },
    "node_modules/@peculiar/webcrypto": {
      "version": "1.4.0",
      "resolved": "https://registry.npmjs.org/@peculiar/webcrypto/-/webcrypto-1.4.0.tgz",
      "integrity": "sha512-U58N44b2m3OuTgpmKgf0LPDOmP3bhwNz01vAnj1mBwxBASRhptWYK+M3zG+HBkDqGQM+bFsoIihTW8MdmPXEqg==",
      "dependencies": {
        "@peculiar/asn1-schema": "^2.1.6",
        "@peculiar/json-schema": "^1.1.12",
        "pvtsutils": "^1.3.2",
        "tslib": "^2.4.0",
        "webcrypto-core": "^1.7.4"
      },
      "engines": {
        "node": ">=10.12.0"
      }
    },
    "node_modules/@peculiar/x509": {
      "version": "1.7.2",
      "resolved": "https://registry.npmjs.org/@peculiar/x509/-/x509-1.7.2.tgz",
      "integrity": "sha512-yMECIsGaRBWV2GFLVxTFD6L9zdRcaFWOQO5MKPHACE4vz/7GJzRfW3trehL5KnvSnQHPXAmt8zPGLctjn488/w==",
      "dependencies": {
        "@peculiar/asn1-cms": "^2.1.9",
        "@peculiar/asn1-csr": "^2.1.9",
        "@peculiar/asn1-ecc": "^2.1.9",
        "@peculiar/asn1-pkcs9": "^2.1.9",
        "@peculiar/asn1-rsa": "^2.1.9",
        "@peculiar/asn1-schema": "^2.1.9",
        "@peculiar/asn1-x509": "^2.1.9",
        "pvtsutils": "^1.3.2",
        "reflect-metadata": "^0.1.13",
        "tslib": "^2.4.0",
        "tsyringe": "^4.7.0"
      }
    },
    "node_modules/@types/bn.js": {
      "version": "5.1.0",
      "resolved": "https://registry.npmjs.org/@types/bn.js/-/bn.js-5.1.0.tgz",
      "integrity": "sha512-QSSVYj7pYFN49kW77o2s9xTCwZ8F2xLbjLLSEVh8D2F4JUhZtPAGOFLTD+ffqksBx/u4cE/KImFjyhqCjn/LIA==",
      "dev": true,
      "dependencies": {
        "@types/node": "*"
      }
    },
    "node_modules/@types/elliptic": {
      "version": "6.4.14",
      "resolved": "https://registry.npmjs.org/@types/elliptic/-/elliptic-6.4.14.tgz",
      "integrity": "sha512-z4OBcDAU0GVwDTuwJzQCiL6188QvZMkvoERgcVjq0/mPM8jCfdwZ3x5zQEVoL9WCAru3aG5wl3Z5Ww5wBWn7ZQ==",
      "dev": true,
      "dependencies": {
        "@types/bn.js": "*"
      }
    },
    "node_modules/@types/lodash": {
      "version": "4.14.182",
      "resolved": "https://registry.npmjs.org/@types/lodash/-/lodash-4.14.182.tgz",
      "integrity": "sha512-/THyiqyQAP9AfARo4pF+aCGcyiQ94tX/Is2I7HofNRqoYLgN1PBoOWu2/zTA5zMxzP5EFutMtWtGAFRKUe961Q==",
      "dev": true
    },
    "node_modules/@types/node": {
      "version": "18.0.0",
      "resolved": "https://registry.npmjs.org/@types/node/-/node-18.0.0.tgz",
      "integrity": "sha512-cHlGmko4gWLVI27cGJntjs/Sj8th9aYwplmZFwmmgYQQvL5NUsgVJG7OddLvNfLqYS31KFN0s3qlaD9qCaxACA==",
      "dev": true
    },
    "node_modules/asn1js": {
      "version": "3.0.5",
      "resolved": "https://registry.npmjs.org/asn1js/-/asn1js-3.0.5.tgz",
      "integrity": "sha512-FVnvrKJwpt9LP2lAMl8qZswRNm3T4q9CON+bxldk2iwk3FFpuwhx2FfinyitizWHsVYyaY+y5JzDR0rCMV5yTQ==",
      "dependencies": {
        "pvtsutils": "^1.3.2",
        "pvutils": "^1.1.3",
        "tslib": "^2.4.0"
      },
      "engines": {
        "node": ">=12.0.0"
      }
    },
    "node_modules/binary-data": {
      "version": "0.6.0",
      "resolved": "https://registry.npmjs.org/binary-data/-/binary-data-0.6.0.tgz",
      "integrity": "sha512-HGiT0ir03tS1u7iWdW5xjJfbPpvxH2qJbPFxXW0I3P5iOzkbjN/cJy5GlpAwmjHW5CiayGOxZ/ytLzXmYgdgqQ==",
      "dependencies": {
        "generate-function": "^2.3.1",
        "is-plain-object": "^2.0.3"
      },
      "engines": {
        "node": ">=6"
      }
    },
    "node_modules/bn.js": {
      "version": "4.12.0",
      "resolved": "https://registry.npmjs.org/bn.js/-/bn.js-4.12.0.tgz",
      "integrity": "sha512-c98Bf3tPniI+scsdk237ku1Dc3ujXQTSgyiPUDEOe7tRkhrqridvh8klBv0HCEso1OLOYcHuCv/cS6DNxKH+ZA=="
    },
    "node_modules/brorand": {
      "version": "1.1.0",
      "resolved": "https://registry.npmjs.org/brorand/-/brorand-1.1.0.tgz",
      "integrity": "sha512-cKV8tMCEpQs4hK/ik71d6LrPOnpkpGBR0wzxqr68g2m/LB2GxVYQroAjMJZRVM1Y4BCjCKc3vAamxSzOY2RP+w=="
    },
    "node_modules/date-fns": {
      "version": "2.28.0",
      "resolved": "https://registry.npmjs.org/date-fns/-/date-fns-2.28.0.tgz",
      "integrity": "sha512-8d35hViGYx/QH0icHYCeLmsLmMUheMmTyV9Fcm6gvNwdw31yXXH+O85sOBJ+OLnLQMKZowvpKb6FgMIQjcpvQw==",
      "engines": {
        "node": ">=0.11"
      },
      "funding": {
        "type": "opencollective",
        "url": "https://opencollective.com/date-fns"
      }
    },
    "node_modules/elliptic": {
      "version": "6.5.4",
      "resolved": "https://registry.npmjs.org/elliptic/-/elliptic-6.5.4.tgz",
      "integrity": "sha512-iLhC6ULemrljPZb+QutR5TQGB+pdW6KGD5RSegS+8sorOZT+rdQFbsQFJgvN3eRqNALqJer4oQ16YvJHlU8hzQ==",
      "dependencies": {
        "bn.js": "^4.11.9",
        "brorand": "^1.1.0",
        "hash.js": "^1.0.0",
        "hmac-drbg": "^1.0.1",
        "inherits": "^2.0.4",
        "minimalistic-assert": "^1.0.1",
        "minimalistic-crypto-utils": "^1.0.1"
      }
    },
    "node_modules/generate-function": {
      "version": "2.3.1",
      "resolved": "https://registry.npmjs.org/generate-function/-/generate-function-2.3.1.tgz",
      "integrity": "sha512-eeB5GfMNeevm/GRYq20ShmsaGcmI81kIX2K9XQx5miC8KdHaC6Jm0qQ8ZNeGOi7wYB8OsdxKs+Y2oVuTFuVwKQ==",
      "dependencies": {
        "is-property": "^1.0.2"
      }
    },
    "node_modules/hash.js": {
      "version": "1.1.7",
      "resolved": "https://registry.npmjs.org/hash.js/-/hash.js-1.1.7.tgz",
      "integrity": "sha512-taOaskGt4z4SOANNseOviYDvjEJinIkRgmp7LbKP2YTTmVxWBl87s/uzK9r+44BclBSp2X7K1hqeNfz9JbBeXA==",
      "dependencies": {
        "inherits": "^2.0.3",
        "minimalistic-assert": "^1.0.1"
      }
    },
    "node_modules/hmac-drbg": {
      "version": "1.0.1",
      "resolved": "https://registry.npmjs.org/hmac-drbg/-/hmac-drbg-1.0.1.tgz",
      "integrity": "sha512-Tti3gMqLdZfhOQY1Mzf/AanLiqh1WTiJgEj26ZuYQ9fbkLomzGchCws4FyrSd4VkpBfiNhaE1On+lOz894jvXg==",
      "dependencies": {
        "hash.js": "^1.0.3",
        "minimalistic-assert": "^1.0.0",
        "minimalistic-crypto-utils": "^1.0.1"
      }
    },
    "node_modules/inherits": {
      "version": "2.0.4",
      "resolved": "https://registry.npmjs.org/inherits/-/inherits-2.0.4.tgz",
      "integrity": "sha512-k/vGaX4/Yla3WzyMCvTQOXYeIHvqOKtnqBduzTHpzpQZzAskKMhZ2K+EnBiSM9zGSoIFeMpXKxa4dYeZIQqewQ=="
    },
    "node_modules/ipaddr.js": {
      "version": "2.0.1",
      "resolved": "https://registry.npmjs.org/ipaddr.js/-/ipaddr.js-2.0.1.tgz",
      "integrity": "sha512-1qTgH9NG+IIJ4yfKs2e6Pp1bZg8wbDbKHT21HrLIeYBTRLgMYKnMTPAuI3Lcs61nfx5h1xlXnbJtH1kX5/d/ng==",
      "engines": {
        "node": ">= 10"
      }
    },
    "node_modules/is-plain-object": {
      "version": "2.0.4",
      "resolved": "https://registry.npmjs.org/is-plain-object/-/is-plain-object-2.0.4.tgz",
      "integrity": "sha512-h5PpgXkWitc38BBMYawTYMWJHFZJVnBquFE57xFpjB8pJFiF6gZ+bU+WyI/yqXiFR5mdLsgYNaPe8uao6Uv9Og==",
      "dependencies": {
        "isobject": "^3.0.1"
      },
      "engines": {
        "node": ">=0.10.0"
      }
    },
    "node_modules/is-property": {
      "version": "1.0.2",
      "resolved": "https://registry.npmjs.org/is-property/-/is-property-1.0.2.tgz",
      "integrity": "sha512-Ks/IoX00TtClbGQr4TWXemAnktAQvYB7HzcCxDGqEZU6oCmb2INHuOoKxbtR+HFkmYWBKv/dOZtGRiAjDhj92g=="
    },
    "node_modules/isobject": {
      "version": "3.0.1",
      "resolved": "https://registry.npmjs.org/isobject/-/isobject-3.0.1.tgz",
      "integrity": "sha512-WhB9zCku7EGTj/HQQRz5aUQEUeoQZH2bWcltRErOpymJ4boYE6wL9Tbr23krRPSZ+C5zqNSrSw+Cc7sZZ4b7vg==",
      "engines": {
        "node": ">=0.10.0"
      }
    },
    "node_modules/lodash": {
      "version": "4.17.21",
      "resolved": "https://registry.npmjs.org/lodash/-/lodash-4.17.21.tgz",
      "integrity": "sha512-v2kDEe57lecTulaDIuNTPy3Ry4gLGJ6Z1O3vE1krgXZNrsQ+LFTGHVxVjcXPs17LhbZVGedAJv8XZ1tvj5FvSg=="
    },
    "node_modules/minimalistic-assert": {
      "version": "1.0.1",
      "resolved": "https://registry.npmjs.org/minimalistic-assert/-/minimalistic-assert-1.0.1.tgz",
      "integrity": "sha512-UtJcAD4yEaGtjPezWuO9wC4nwUnVH/8/Im3yEHQP4b67cXlD/Qr9hdITCU1xDbSEXg2XKNaP8jsReV7vQd00/A=="
    },
    "node_modules/minimalistic-crypto-utils": {
      "version": "1.0.1",
      "resolved": "https://registry.npmjs.org/minimalistic-crypto-utils/-/minimalistic-crypto-utils-1.0.1.tgz",
      "integrity": "sha512-JIYlbt6g8i5jKfJ3xz7rF0LXmv2TkDxBLUkiBeZ7bAx4GnnNMr8xFpGnOxn6GhTEHx3SjRrZEoU+j04prX1ktg=="
    },
    "node_modules/pvtsutils": {
      "version": "1.3.2",
      "resolved": "https://registry.npmjs.org/pvtsutils/-/pvtsutils-1.3.2.tgz",
      "integrity": "sha512-+Ipe2iNUyrZz+8K/2IOo+kKikdtfhRKzNpQbruF2URmqPtoqAs8g3xS7TJvFF2GcPXjh7DkqMnpVveRFq4PgEQ==",
      "dependencies": {
        "tslib": "^2.4.0"
      }
    },
    "node_modules/pvutils": {
      "version": "1.1.3",
      "resolved": "https://registry.npmjs.org/pvutils/-/pvutils-1.1.3.tgz",
      "integrity": "sha512-pMpnA0qRdFp32b1sJl1wOJNxZLQ2cbQx+k6tjNtZ8CpvVhNqEPRgivZ2WOUev2YMajecdH7ctUPDvEe87nariQ==",
      "engines": {
        "node": ">=6.0.0"
      }
    },
    "node_modules/reflect-metadata": {
      "version": "0.1.13",
      "resolved": "https://registry.npmjs.org/reflect-metadata/-/reflect-metadata-0.1.13.tgz",
      "integrity": "sha512-Ts1Y/anZELhSsjMcU605fU9RE4Oi3p5ORujwbIKXfWa+0Zxs510Qrmrce5/Jowq3cHSZSJqBjypxmHarc+vEWg=="
    },
    "node_modules/rx.mini": {
      "version": "1.1.0",
      "resolved": "https://registry.npmjs.org/rx.mini/-/rx.mini-1.1.0.tgz",
      "integrity": "sha512-SgejtK4cAYpORQeIfwY8DWkanwhi8DAmlJKaUjmcPjNlq6OLBix0qVTYtj2aXxh7tsvO34hd4PQpP263ZrcwYg=="
    },
    "node_modules/tslib": {
      "version": "2.4.0",
      "resolved": "https://registry.npmjs.org/tslib/-/tslib-2.4.0.tgz",
      "integrity": "sha512-d6xOpEDfsi2CZVlPQzGeux8XMwLT9hssAsaPYExaQMuYskwb+x1x7J371tWlbBdWHroy99KnVB6qIkUbs5X3UQ=="
    },
    "node_modules/tsyringe": {
      "version": "4.7.0",
      "resolved": "https://registry.npmjs.org/tsyringe/-/tsyringe-4.7.0.tgz",
      "integrity": "sha512-ncFDM1jTLsok4ejMvSW5jN1VGPQD48y2tfAR0pdptWRKYX4bkbqPt92k7KJ5RFJ1KV36JEs/+TMh7I6OUgj74g==",
      "dependencies": {
        "tslib": "^1.9.3"
      },
      "engines": {
        "node": ">= 6.0.0"
      }
    },
    "node_modules/tsyringe/node_modules/tslib": {
      "version": "1.14.1",
      "resolved": "https://registry.npmjs.org/tslib/-/tslib-1.14.1.tgz",
      "integrity": "sha512-Xni35NKzjgMrwevysHTCArtLDpPvye8zV/0E4EyYn43P7/7qvQwPh9BGkHewbMulVntbigmcT7rdX3BNo9wRJg=="
    },
    "node_modules/tweetnacl": {
      "version": "1.0.3",
      "resolved": "https://registry.npmjs.org/tweetnacl/-/tweetnacl-1.0.3.tgz",
      "integrity": "sha512-6rt+RN7aOi1nGMyC4Xa5DdYiukl2UWCbcJft7YhxReBGQD7OAM8Pbxw6YMo4r2diNEA8FEmu32YOn9rhaiE5yw==",
      "license": "Unlicense"
    },
    "node_modules/webcrypto-core": {
      "version": "1.7.5",
      "resolved": "https://registry.npmjs.org/webcrypto-core/-/webcrypto-core-1.7.5.tgz",
      "integrity": "sha512-gaExY2/3EHQlRNNNVSrbG2Cg94Rutl7fAaKILS1w8ZDhGxdFOaw6EbCfHIxPy9vt/xwp5o0VQAx9aySPF6hU1A==",
      "dependencies": {
        "@peculiar/asn1-schema": "^2.1.6",
        "@peculiar/json-schema": "^1.1.12",
        "asn1js": "^3.0.1",
        "pvtsutils": "^1.3.2",
        "tslib": "^2.4.0"
      }
    }
  },
  "dependencies": {
    "@fidm/asn1": {
      "version": "1.0.4",
      "resolved": "https://registry.npmjs.org/@fidm/asn1/-/asn1-1.0.4.tgz",
      "integrity": "sha512-esd1jyNvRb2HVaQGq2Gg8Z0kbQPXzV9Tq5Z14KNIov6KfFD6PTaRIO8UpcsYiTNzOqJpmyzWgVTrUwFV3UF4TQ=="
    },
    "@fidm/x509": {
      "version": "1.2.1",
      "resolved": "https://registry.npmjs.org/@fidm/x509/-/x509-1.2.1.tgz",
      "integrity": "sha512-nwc2iesjyc9hkuzcrMCBXQRn653XuAUKorfWM8PZyJawiy1QzLj4vahwzaI25+pfpwOLvMzbJ0uKpWLDNmo16w==",
      "requires": {
        "@fidm/asn1": "^1.0.4",
        "tweetnacl": "^1.0.1"
      }
    },
    "@peculiar/asn1-cms": {
      "version": "2.1.9",
      "resolved": "https://registry.npmjs.org/@peculiar/asn1-cms/-/asn1-cms-2.1.9.tgz",
      "integrity": "sha512-Rlcd1hL1BK/IgWiR3wKTxpfei3OLhW0GiAPdqR6aEYCXqV9UCTFsR7dXI8eyh1wkWXx2VJthdbh+ky+w5adh9w==",
      "requires": {
        "@peculiar/asn1-schema": "^2.1.9",
        "@peculiar/asn1-x509": "^2.1.9",
        "@peculiar/asn1-x509-attr": "^2.1.9",
        "asn1js": "^3.0.4",
        "tslib": "^2.4.0"
      }
    },
    "@peculiar/asn1-csr": {
      "version": "2.1.9",
      "resolved": "https://registry.npmjs.org/@peculiar/asn1-csr/-/asn1-csr-2.1.9.tgz",
      "integrity": "sha512-ncmR3AaWrm+DC1hsouxfsgDb6ZfhWfwIoqS+esxDlk0honmMfdffrDtXoxxJIQ8Njrk7AKVPMSPyxLeCyPC0tw==",
      "requires": {
        "@peculiar/asn1-schema": "^2.1.9",
        "@peculiar/asn1-x509": "^2.1.9",
        "asn1js": "^3.0.4",
        "tslib": "^2.4.0"
      }
    },
    "@peculiar/asn1-ecc": {
      "version": "2.1.9",
      "resolved": "https://registry.npmjs.org/@peculiar/asn1-ecc/-/asn1-ecc-2.1.9.tgz",
      "integrity": "sha512-1+ckVKJ8Bx+WatKcH5PtafWb1JxAZM+u9D6wFNYt4AKzWAwx2dmzkBMdqQmCXRk4fOvaJTr9CAfsJu0g7m6zgQ==",
      "requires": {
        "@peculiar/asn1-schema": "^2.1.9",
        "@peculiar/asn1-x509": "^2.1.9",
        "asn1js": "^3.0.4",
        "tslib": "^2.4.0"
      }
    },
    "@peculiar/asn1-pfx": {
      "version": "2.1.9",
      "resolved": "https://registry.npmjs.org/@peculiar/asn1-pfx/-/asn1-pfx-2.1.9.tgz",
      "integrity": "sha512-JwjYcPFbteDV9+0Pqz6um2oksh2RrngreXxTLgLZ/ENEU9xfmn4IEDAVN67e3V8Ei+ujBjk1UsjrEnCwRArMgg==",
      "requires": {
        "@peculiar/asn1-cms": "^2.1.9",
        "@peculiar/asn1-pkcs8": "^2.1.9",
        "@peculiar/asn1-rsa": "^2.1.9",
        "@peculiar/asn1-schema": "^2.1.9",
        "asn1js": "^3.0.4",
        "tslib": "^2.4.0"
      }
    },
    "@peculiar/asn1-pkcs8": {
      "version": "2.1.9",
      "resolved": "https://registry.npmjs.org/@peculiar/asn1-pkcs8/-/asn1-pkcs8-2.1.9.tgz",
      "integrity": "sha512-KtpVZ/ysOcPvIgHwrqm1BLDGCwnPjxiWlqYfvldZvK0SKXx7ogWWMoh/3M8nEdmu/dT1QdOizt1ErLoZ7xVxOw==",
      "requires": {
        "@peculiar/asn1-schema": "^2.1.9",
        "@peculiar/asn1-x509": "^2.1.9",
        "asn1js": "^3.0.4",
        "tslib": "^2.4.0"
      }
    },
    "@peculiar/asn1-pkcs9": {
      "version": "2.1.9",
      "resolved": "https://registry.npmjs.org/@peculiar/asn1-pkcs9/-/asn1-pkcs9-2.1.9.tgz",
      "integrity": "sha512-QBITHLAdJgEAKDYEaKbmXVdhwi8aIS9JTThXr+5BgPO8vJE3/OvogLnLZbgO3eOT5IarImrHiqiGaPLVVQDbTQ==",
      "requires": {
        "@peculiar/asn1-cms": "^2.1.9",
        "@peculiar/asn1-pfx": "^2.1.9",
        "@peculiar/asn1-pkcs8": "^2.1.9",
        "@peculiar/asn1-schema": "^2.1.9",
        "@peculiar/asn1-x509": "^2.1.9",
        "@peculiar/asn1-x509-attr": "^2.1.9",
        "asn1js": "^3.0.4",
        "tslib": "^2.4.0"
      }
    },
    "@peculiar/asn1-rsa": {
      "version": "2.1.9",
      "resolved": "https://registry.npmjs.org/@peculiar/asn1-rsa/-/asn1-rsa-2.1.9.tgz",
      "integrity": "sha512-O7TQnJp7OFZAI9a2tOHHlDbFub9v1VzJr3aKelpBBKDebwgTgNDgXVDapXh/4SDMShWGsSu3HKbYkZORnlDr1A==",
      "requires": {
        "@peculiar/asn1-schema": "^2.1.9",
        "@peculiar/asn1-x509": "^2.1.9",
        "asn1js": "^3.0.4",
        "tslib": "^2.4.0"
      }
    },
    "@peculiar/asn1-schema": {
      "version": "2.1.9",
      "resolved": "https://registry.npmjs.org/@peculiar/asn1-schema/-/asn1-schema-2.1.9.tgz",
      "integrity": "sha512-Ipio+pXGpL/Vb0qB4GnOgFMgc1RAhKHOVy24rQYLvmOAVp9z/aFb+VdIiQH09NjgvGVmaWOUqSWd9vRHk3xbrg==",
      "requires": {
        "asn1js": "^3.0.4",
        "pvtsutils": "^1.3.2",
        "tslib": "^2.4.0"
      }
    },
    "@peculiar/asn1-x509": {
      "version": "2.1.9",
      "resolved": "https://registry.npmjs.org/@peculiar/asn1-x509/-/asn1-x509-2.1.9.tgz",
      "integrity": "sha512-mqU8ZlWaBfDSG/iafCYKOa9N7scXiaXfHNgOyqG0GIPZGGjNeeBjgLRrlup6L8/Ipvlun5VIm7vNJdR8/XIqtg==",
      "requires": {
        "@peculiar/asn1-schema": "^2.1.9",
        "asn1js": "^3.0.4",
        "ipaddr.js": "^2.0.1",
        "pvtsutils": "^1.3.2",
        "tslib": "^2.4.0"
      }
    },
    "@peculiar/asn1-x509-attr": {
      "version": "2.1.9",
      "resolved": "https://registry.npmjs.org/@peculiar/asn1-x509-attr/-/asn1-x509-attr-2.1.9.tgz",
      "integrity": "sha512-tJ7i0ctqREk6XtlRGto81hC3hvp1Dj790N4fnhJQzHC7ZYC+zZSoO/FZr+UxJMIphDDV2BQvCbObJ1xmOEDijA==",
      "requires": {
        "@peculiar/asn1-schema": "^2.1.9",
        "@peculiar/asn1-x509": "^2.1.9",
        "asn1js": "^3.0.4",
        "tslib": "^2.4.0"
      }
    },
    "@peculiar/json-schema": {
      "version": "1.1.12",
      "resolved": "https://registry.npmjs.org/@peculiar/json-schema/-/json-schema-1.1.12.tgz",
      "integrity": "sha512-coUfuoMeIB7B8/NMekxaDzLhaYmp0HZNPEjYRm9goRou8UZIC3z21s0sL9AWoCw4EG876QyO3kYrc61WNF9B/w==",
      "requires": {
        "tslib": "^2.0.0"
      }
    },
    "@peculiar/webcrypto": {
      "version": "1.4.0",
      "resolved": "https://registry.npmjs.org/@peculiar/webcrypto/-/webcrypto-1.4.0.tgz",
      "integrity": "sha512-U58N44b2m3OuTgpmKgf0LPDOmP3bhwNz01vAnj1mBwxBASRhptWYK+M3zG+HBkDqGQM+bFsoIihTW8MdmPXEqg==",
      "requires": {
        "@peculiar/asn1-schema": "^2.1.6",
        "@peculiar/json-schema": "^1.1.12",
        "pvtsutils": "^1.3.2",
        "tslib": "^2.4.0",
        "webcrypto-core": "^1.7.4"
      }
    },
    "@peculiar/x509": {
      "version": "1.7.2",
      "resolved": "https://registry.npmjs.org/@peculiar/x509/-/x509-1.7.2.tgz",
      "integrity": "sha512-yMECIsGaRBWV2GFLVxTFD6L9zdRcaFWOQO5MKPHACE4vz/7GJzRfW3trehL5KnvSnQHPXAmt8zPGLctjn488/w==",
      "requires": {
        "@peculiar/asn1-cms": "^2.1.9",
        "@peculiar/asn1-csr": "^2.1.9",
        "@peculiar/asn1-ecc": "^2.1.9",
        "@peculiar/asn1-pkcs9": "^2.1.9",
        "@peculiar/asn1-rsa": "^2.1.9",
        "@peculiar/asn1-schema": "^2.1.9",
        "@peculiar/asn1-x509": "^2.1.9",
        "pvtsutils": "^1.3.2",
        "reflect-metadata": "^0.1.13",
        "tslib": "^2.4.0",
        "tsyringe": "^4.7.0"
      }
    },
    "@types/bn.js": {
      "version": "5.1.0",
      "resolved": "https://registry.npmjs.org/@types/bn.js/-/bn.js-5.1.0.tgz",
      "integrity": "sha512-QSSVYj7pYFN49kW77o2s9xTCwZ8F2xLbjLLSEVh8D2F4JUhZtPAGOFLTD+ffqksBx/u4cE/KImFjyhqCjn/LIA==",
      "dev": true,
      "requires": {
        "@types/node": "*"
      }
    },
    "@types/elliptic": {
      "version": "6.4.14",
      "resolved": "https://registry.npmjs.org/@types/elliptic/-/elliptic-6.4.14.tgz",
      "integrity": "sha512-z4OBcDAU0GVwDTuwJzQCiL6188QvZMkvoERgcVjq0/mPM8jCfdwZ3x5zQEVoL9WCAru3aG5wl3Z5Ww5wBWn7ZQ==",
      "dev": true,
      "requires": {
        "@types/bn.js": "*"
      }
    },
    "@types/lodash": {
      "version": "4.14.182",
      "resolved": "https://registry.npmjs.org/@types/lodash/-/lodash-4.14.182.tgz",
      "integrity": "sha512-/THyiqyQAP9AfARo4pF+aCGcyiQ94tX/Is2I7HofNRqoYLgN1PBoOWu2/zTA5zMxzP5EFutMtWtGAFRKUe961Q==",
      "dev": true
    },
    "@types/node": {
      "version": "18.0.0",
      "resolved": "https://registry.npmjs.org/@types/node/-/node-18.0.0.tgz",
      "integrity": "sha512-cHlGmko4gWLVI27cGJntjs/Sj8th9aYwplmZFwmmgYQQvL5NUsgVJG7OddLvNfLqYS31KFN0s3qlaD9qCaxACA==",
      "dev": true
    },
    "asn1js": {
      "version": "3.0.5",
      "resolved": "https://registry.npmjs.org/asn1js/-/asn1js-3.0.5.tgz",
      "integrity": "sha512-FVnvrKJwpt9LP2lAMl8qZswRNm3T4q9CON+bxldk2iwk3FFpuwhx2FfinyitizWHsVYyaY+y5JzDR0rCMV5yTQ==",
      "requires": {
        "pvtsutils": "^1.3.2",
        "pvutils": "^1.1.3",
        "tslib": "^2.4.0"
      }
    },
    "binary-data": {
      "version": "0.6.0",
      "resolved": "https://registry.npmjs.org/binary-data/-/binary-data-0.6.0.tgz",
      "integrity": "sha512-HGiT0ir03tS1u7iWdW5xjJfbPpvxH2qJbPFxXW0I3P5iOzkbjN/cJy5GlpAwmjHW5CiayGOxZ/ytLzXmYgdgqQ==",
      "requires": {
        "generate-function": "^2.3.1",
        "is-plain-object": "^2.0.3"
      }
    },
    "bn.js": {
      "version": "4.12.0",
      "resolved": "https://registry.npmjs.org/bn.js/-/bn.js-4.12.0.tgz",
      "integrity": "sha512-c98Bf3tPniI+scsdk237ku1Dc3ujXQTSgyiPUDEOe7tRkhrqridvh8klBv0HCEso1OLOYcHuCv/cS6DNxKH+ZA=="
    },
    "brorand": {
      "version": "1.1.0",
      "resolved": "https://registry.npmjs.org/brorand/-/brorand-1.1.0.tgz",
      "integrity": "sha512-cKV8tMCEpQs4hK/ik71d6LrPOnpkpGBR0wzxqr68g2m/LB2GxVYQroAjMJZRVM1Y4BCjCKc3vAamxSzOY2RP+w=="
    },
    "date-fns": {
      "version": "2.28.0",
      "resolved": "https://registry.npmjs.org/date-fns/-/date-fns-2.28.0.tgz",
      "integrity": "sha512-8d35hViGYx/QH0icHYCeLmsLmMUheMmTyV9Fcm6gvNwdw31yXXH+O85sOBJ+OLnLQMKZowvpKb6FgMIQjcpvQw=="
    },
    "elliptic": {
      "version": "6.5.4",
      "resolved": "https://registry.npmjs.org/elliptic/-/elliptic-6.5.4.tgz",
      "integrity": "sha512-iLhC6ULemrljPZb+QutR5TQGB+pdW6KGD5RSegS+8sorOZT+rdQFbsQFJgvN3eRqNALqJer4oQ16YvJHlU8hzQ==",
      "requires": {
        "bn.js": "^4.11.9",
        "brorand": "^1.1.0",
        "hash.js": "^1.0.0",
        "hmac-drbg": "^1.0.1",
        "inherits": "^2.0.4",
        "minimalistic-assert": "^1.0.1",
        "minimalistic-crypto-utils": "^1.0.1"
      }
    },
    "generate-function": {
      "version": "2.3.1",
      "resolved": "https://registry.npmjs.org/generate-function/-/generate-function-2.3.1.tgz",
      "integrity": "sha512-eeB5GfMNeevm/GRYq20ShmsaGcmI81kIX2K9XQx5miC8KdHaC6Jm0qQ8ZNeGOi7wYB8OsdxKs+Y2oVuTFuVwKQ==",
      "requires": {
        "is-property": "^1.0.2"
      }
    },
    "hash.js": {
      "version": "1.1.7",
      "resolved": "https://registry.npmjs.org/hash.js/-/hash.js-1.1.7.tgz",
      "integrity": "sha512-taOaskGt4z4SOANNseOviYDvjEJinIkRgmp7LbKP2YTTmVxWBl87s/uzK9r+44BclBSp2X7K1hqeNfz9JbBeXA==",
      "requires": {
        "inherits": "^2.0.3",
        "minimalistic-assert": "^1.0.1"
      }
    },
    "hmac-drbg": {
      "version": "1.0.1",
      "resolved": "https://registry.npmjs.org/hmac-drbg/-/hmac-drbg-1.0.1.tgz",
      "integrity": "sha512-Tti3gMqLdZfhOQY1Mzf/AanLiqh1WTiJgEj26ZuYQ9fbkLomzGchCws4FyrSd4VkpBfiNhaE1On+lOz894jvXg==",
      "requires": {
        "hash.js": "^1.0.3",
        "minimalistic-assert": "^1.0.0",
        "minimalistic-crypto-utils": "^1.0.1"
      }
    },
    "inherits": {
      "version": "2.0.4",
      "resolved": "https://registry.npmjs.org/inherits/-/inherits-2.0.4.tgz",
      "integrity": "sha512-k/vGaX4/Yla3WzyMCvTQOXYeIHvqOKtnqBduzTHpzpQZzAskKMhZ2K+EnBiSM9zGSoIFeMpXKxa4dYeZIQqewQ=="
    },
    "ipaddr.js": {
      "version": "2.0.1",
      "resolved": "https://registry.npmjs.org/ipaddr.js/-/ipaddr.js-2.0.1.tgz",
      "integrity": "sha512-1qTgH9NG+IIJ4yfKs2e6Pp1bZg8wbDbKHT21HrLIeYBTRLgMYKnMTPAuI3Lcs61nfx5h1xlXnbJtH1kX5/d/ng=="
    },
    "is-plain-object": {
      "version": "2.0.4",
      "resolved": "https://registry.npmjs.org/is-plain-object/-/is-plain-object-2.0.4.tgz",
      "integrity": "sha512-h5PpgXkWitc38BBMYawTYMWJHFZJVnBquFE57xFpjB8pJFiF6gZ+bU+WyI/yqXiFR5mdLsgYNaPe8uao6Uv9Og==",
      "requires": {
        "isobject": "^3.0.1"
      }
    },
    "is-property": {
      "version": "1.0.2",
      "resolved": "https://registry.npmjs.org/is-property/-/is-property-1.0.2.tgz",
      "integrity": "sha512-Ks/IoX00TtClbGQr4TWXemAnktAQvYB7HzcCxDGqEZU6oCmb2INHuOoKxbtR+HFkmYWBKv/dOZtGRiAjDhj92g=="
    },
    "isobject": {
      "version": "3.0.1",
      "resolved": "https://registry.npmjs.org/isobject/-/isobject-3.0.1.tgz",
      "integrity": "sha512-WhB9zCku7EGTj/HQQRz5aUQEUeoQZH2bWcltRErOpymJ4boYE6wL9Tbr23krRPSZ+C5zqNSrSw+Cc7sZZ4b7vg=="
    },
    "lodash": {
      "version": "4.17.21",
      "resolved": "https://registry.npmjs.org/lodash/-/lodash-4.17.21.tgz",
      "integrity": "sha512-v2kDEe57lecTulaDIuNTPy3Ry4gLGJ6Z1O3vE1krgXZNrsQ+LFTGHVxVjcXPs17LhbZVGedAJv8XZ1tvj5FvSg=="
    },
    "minimalistic-assert": {
      "version": "1.0.1",
      "resolved": "https://registry.npmjs.org/minimalistic-assert/-/minimalistic-assert-1.0.1.tgz",
      "integrity": "sha512-UtJcAD4yEaGtjPezWuO9wC4nwUnVH/8/Im3yEHQP4b67cXlD/Qr9hdITCU1xDbSEXg2XKNaP8jsReV7vQd00/A=="
    },
    "minimalistic-crypto-utils": {
      "version": "1.0.1",
      "resolved": "https://registry.npmjs.org/minimalistic-crypto-utils/-/minimalistic-crypto-utils-1.0.1.tgz",
      "integrity": "sha512-JIYlbt6g8i5jKfJ3xz7rF0LXmv2TkDxBLUkiBeZ7bAx4GnnNMr8xFpGnOxn6GhTEHx3SjRrZEoU+j04prX1ktg=="
    },
    "pvtsutils": {
      "version": "1.3.2",
      "resolved": "https://registry.npmjs.org/pvtsutils/-/pvtsutils-1.3.2.tgz",
      "integrity": "sha512-+Ipe2iNUyrZz+8K/2IOo+kKikdtfhRKzNpQbruF2URmqPtoqAs8g3xS7TJvFF2GcPXjh7DkqMnpVveRFq4PgEQ==",
      "requires": {
        "tslib": "^2.4.0"
      }
    },
    "pvutils": {
      "version": "1.1.3",
      "resolved": "https://registry.npmjs.org/pvutils/-/pvutils-1.1.3.tgz",
      "integrity": "sha512-pMpnA0qRdFp32b1sJl1wOJNxZLQ2cbQx+k6tjNtZ8CpvVhNqEPRgivZ2WOUev2YMajecdH7ctUPDvEe87nariQ=="
    },
    "reflect-metadata": {
      "version": "0.1.13",
      "resolved": "https://registry.npmjs.org/reflect-metadata/-/reflect-metadata-0.1.13.tgz",
      "integrity": "sha512-Ts1Y/anZELhSsjMcU605fU9RE4Oi3p5ORujwbIKXfWa+0Zxs510Qrmrce5/Jowq3cHSZSJqBjypxmHarc+vEWg=="
    },
    "rx.mini": {
      "version": "1.1.0",
      "resolved": "https://registry.npmjs.org/rx.mini/-/rx.mini-1.1.0.tgz",
      "integrity": "sha512-SgejtK4cAYpORQeIfwY8DWkanwhi8DAmlJKaUjmcPjNlq6OLBix0qVTYtj2aXxh7tsvO34hd4PQpP263ZrcwYg=="
    },
    "tslib": {
      "version": "2.4.0",
      "resolved": "https://registry.npmjs.org/tslib/-/tslib-2.4.0.tgz",
      "integrity": "sha512-d6xOpEDfsi2CZVlPQzGeux8XMwLT9hssAsaPYExaQMuYskwb+x1x7J371tWlbBdWHroy99KnVB6qIkUbs5X3UQ=="
    },
    "tsyringe": {
      "version": "4.7.0",
      "resolved": "https://registry.npmjs.org/tsyringe/-/tsyringe-4.7.0.tgz",
      "integrity": "sha512-ncFDM1jTLsok4ejMvSW5jN1VGPQD48y2tfAR0pdptWRKYX4bkbqPt92k7KJ5RFJ1KV36JEs/+TMh7I6OUgj74g==",
      "requires": {
        "tslib": "^1.9.3"
      },
      "dependencies": {
        "tslib": {
          "version": "1.14.1",
          "resolved": "https://registry.npmjs.org/tslib/-/tslib-1.14.1.tgz",
          "integrity": "sha512-Xni35NKzjgMrwevysHTCArtLDpPvye8zV/0E4EyYn43P7/7qvQwPh9BGkHewbMulVntbigmcT7rdX3BNo9wRJg=="
        }
      }
    },
    "tweetnacl": {
      "version": "1.0.3",
      "resolved": "https://registry.npmjs.org/tweetnacl/-/tweetnacl-1.0.3.tgz",
      "integrity": "sha512-6rt+RN7aOi1nGMyC4Xa5DdYiukl2UWCbcJft7YhxReBGQD7OAM8Pbxw6YMo4r2diNEA8FEmu32YOn9rhaiE5yw=="
    },
    "webcrypto-core": {
      "version": "1.7.5",
      "resolved": "https://registry.npmjs.org/webcrypto-core/-/webcrypto-core-1.7.5.tgz",
      "integrity": "sha512-gaExY2/3EHQlRNNNVSrbG2Cg94Rutl7fAaKILS1w8ZDhGxdFOaw6EbCfHIxPy9vt/xwp5o0VQAx9aySPF6hU1A==",
      "requires": {
        "@peculiar/asn1-schema": "^2.1.6",
        "@peculiar/json-schema": "^1.1.12",
        "asn1js": "^3.0.1",
        "pvtsutils": "^1.3.2",
        "tslib": "^2.4.0"
      }
    }
  }
}
